
Microsoft Visual Studio Solution File, Format Version 12.00
# Visual Studio Version 16
VisualStudioVersion = 16.0.31702.278
MinimumVisualStudioVersion = 10.0.40219.1
Project("{FAE04EC0-301F-11D3-BF4B-00C04F79EFBC}") = "SeleniumProject", "SeleniumProject\SeleniumProject.csproj", "{C525F610-5FB1-405A-BB6D-16B5C3059BE3}"
EndProject
Global
	GlobalSection(SolutionConfigurationPlatforms) = preSolution
		Debug|Any CPU = Debug|Any CPU
		Release|Any CPU = Release|Any CPU
	EndGlobalSection
	GlobalSection(ProjectConfigurationPlatforms) = postSolution
		{C525F610-5FB1-405A-BB6D-16B5C3059BE3}.Debug|Any CPU.ActiveCfg = Debug|Any CPU
		{C525F610-5FB1-405A-BB6D-16B5C3059BE3}.Debug|Any CPU.Build.0 = Debug|Any CPU
		{C525F610-5FB1-405A-BB6D-16B5C3059BE3}.Release|Any CPU.ActiveCfg = Release|Any CPU
		{C525F610-5FB1-405A-BB6D-16B5C3059BE3}.Release|Any CPU.Build.0 = Release|Any CPU
	EndGlobalSection
	GlobalSection(SolutionProperties) = preSolution
		HideSolutionNode = FALSE
	EndGlobalSection
	GlobalSection(ExtensibilityGlobals) = postSolution
		SolutionGuid = {B6375AA7-540A-4B2B-8C6D-D1D8C978370A}
	EndGlobalSection
EndGlobal
